// !$*UTF8*$!
{
	archiveVersion = 1;
	classes = {
	};
	objectVersion = 50;
	objects = {

/* Begin PBXBuildFile section */
		1843139F22B048630063C7DB /* addPhotoViewController.swift in Sources */ = {isa = PBXBuildFile; fileRef = 1843139E22B048630063C7DB /* addPhotoViewController.swift */; };
		18F3736922AEFB23003BD86A /* AppDelegate.swift in Sources */ = {isa = PBXBuildFile; fileRef = 18F3736822AEFB23003BD86A /* AppDelegate.swift */; };
		18F3737122AEFB23003BD86A /* viewFinder.xcdatamodeld in Sources */ = {isa = PBXBuildFile; fileRef = 18F3736F22AEFB23003BD86A /* viewFinder.xcdatamodeld */; };
		18F3737322AEFB24003BD86A /* Assets.xcassets in Resources */ = {isa = PBXBuildFile; fileRef = 18F3737222AEFB24003BD86A /* Assets.xcassets */; };
		18F3737622AEFB24003BD86A /* LaunchScreen.storyboard in Resources */ = {isa = PBXBuildFile; fileRef = 18F3737422AEFB24003BD86A /* LaunchScreen.storyboard */; };
		18F3737E22AEFC32003BD86A /* Main.storyboard in Resources */ = {isa = PBXBuildFile; fileRef = 18F3737D22AEFC32003BD86A /* Main.storyboard */; };
/* End PBXBuildFile section */

/* Begin PBXFileReference section */
		1843139E22B048630063C7DB /* addPhotoViewController.swift */ = {isa = PBXFileReference; lastKnownFileType = sourcecode.swift; path = addPhotoViewController.swift; sourceTree = "<group>"; };
		18F3736522AEFB23003BD86A /* viewFinder.app */ = {isa = PBXFileReference; explicitFileType = wrapper.application; includeInIndex = 0; path = viewFinder.app; sourceTree = BUILT_PRODUCTS_DIR; };
		18F3736822AEFB23003BD86A /* AppDelegate.swift */ = {isa = PBXFileReference; lastKnownFileType = sourcecode.swift; path = AppDelegate.swift; sourceTree = "<group>"; };
		18F3737022AEFB23003BD86A /* viewFinder.xcdatamodel */ = {isa = PBXFileReference; lastKnownFileType = wrapper.xcdatamodel; path = viewFinder.xcdatamodel; sourceTree = "<group>"; };
		18F3737222AEFB24003BD86A /* Assets.xcassets */ = {isa = PBXFileReference; lastKnownFileType = folder.assetcatalog; path = Assets.xcassets; sourceTree = "<group>"; };
		18F3737522AEFB24003BD86A /* Base */ = {isa = PBXFileReference; lastKnownFileType = file.storyboard; name = Base; path = Base.lproj/LaunchScreen.storyboard; sourceTree = "<group>"; };
		18F3737722AEFB24003BD86A /* Info.plist */ = {isa = PBXFileReference; lastKnownFileType = text.plist.xml; path = Info.plist; sourceTree = "<group>"; };
		18F3737D22AEFC32003BD86A /* Main.storyboard */ = {isa = PBXFileReference; fileEncoding = 4; lastKnownFileType = file.storyboard; name = Main.storyboard; path = ../../../.Trash/Main.storyboard; sourceTree = "<group>"; };
/* End PBXFileReference section */

/* Begin PBXFrameworksBuildPhase section */
		18F3736222AEFB23003BD86A /* Frameworks */ = {
			isa = PBXFrameworksBuildPhase;
			buildActionMask = 2147483647;
			files = (
			);
			runOnlyForDeploymentPostprocessing = 0;
		};
/* End PBXFrameworksBuildPhase section */

/* Begin PBXGroup section */
		18F3735C22AEFB23003BD86A = {
			isa = PBXGroup;
			children = (
				18F3736722AEFB23003BD86A /* viewFinder */,
				18F3736622AEFB23003BD86A /* Products */,
			);
			sourceTree = "<group>";
		};
		18F3736622AEFB23003BD86A /* Products */ = {
			isa = PBXGroup;
			children = (
				18F3736522AEFB23003BD86A /* viewFinder.app */,
			);
			name = Products;
			sourceTree = "<group>";
		};
		18F3736722AEFB23003BD86A /* viewFinder */ = {
			isa = PBXGroup;
			children = (
				18F3736822AEFB23003BD86A /* AppDelegate.swift */,
				18F3737222AEFB24003BD86A /* Assets.xcassets */,
				18F3737D22AEFC32003BD86A /* Main.storyboard */,
				1843139E22B048630063C7DB /* addPhotoViewController.swift */,
				18F3737422AEFB24003BD86A /* LaunchScreen.storyboard */,
				18F3737722AEFB24003BD86A /* Info.plist */,
				18F3736F22AEFB23003BD86A /* viewFinder.xcdatamodeld */,
			);
			path = viewFinder;
			sourceTree = "<group>";
		};
/* End PBXGroup section */

/* Begin PBXNativeTarget section */
		18F3736422AEFB23003BD86A /* viewFinder */ = {
			isa = PBXNativeTarget;
			buildConfigurationList = 18F3737A22AEFB24003BD86A /* Build configuration list for PBXNativeTarget "viewFinder" */;
			buildPhases = (
				18F3736122AEFB23003BD86A /* Sources */,
				18F3736222AEFB23003BD86A /* Frameworks */,
				18F3736322AEFB23003BD86A /* Resources */,
			);
			buildRules = (
			);
			dependencies = (
			);
			name = viewFinder;
			productName = viewFinder;
			productReference = 18F3736522AEFB23003BD86A /* viewFinder.app */;
			productType = "com.apple.product-type.application";
		};
/* End PBXNativeTarget section */

/* Begin PBXProject section */
		18F3735D22AEFB23003BD86A /* Project object */ = {
			isa = PBXProject;
			attributes = {
				LastSwiftUpdateCheck = 1020;
				LastUpgradeCheck = 1020;
				ORGANIZATIONNAME = Apple;
				TargetAttributes = {
					18F3736422AEFB23003BD86A = {
						CreatedOnToolsVersion = 10.2.1;
					};
				};
			};
			buildConfigurationList = 18F3736022AEFB23003BD86A /* Build configuration list for PBXProject "viewFinder" */;
			compatibilityVersion = "Xcode 9.3";
			developmentRegion = en;
			hasScannedForEncodings = 0;
			knownRegions = (
				en,
				Base,
			);
			mainGroup = 18F3735C22AEFB23003BD86A;
			productRefGroup = 18F3736622AEFB23003BD86A /* Products */;
			projectDirPath = "";
			projectRoot = "";
			targets = (
				18F3736422AEFB23003BD86A /* viewFinder */,
			);
		};
/* End PBXProject section */

/* Begin PBXResourcesBuildPhase section */
		18F3736322AEFB23003BD86A /* Resources */ = {
			isa = PBXResourcesBuildPhase;
			buildActionMask = 2147483647;
			files = (
				18F3737E22AEFC32003BD86A /* Main.storyboard in Resources */,
				18F3737622AEFB24003BD86A /* LaunchScreen.storyboard in Resources */,
				18F3737322AEFB24003BD86A /* Assets.xcassets in Resources */,
			);
			runOnlyForDeploymentPostprocessing = 0;
		};
/* End PBXResourcesBuildPhase section */

/* Begin PBXSourcesBuildPhase section */
		18F3736122AEFB23003BD86A /* Sources */ = {
			isa = PBXSourcesBuildPhase;
			buildActionMask = 2147483647;
			files = (
				18F3737122AEFB23003BD86A /* viewFinder.xcdatamodeld in Sources */,
				18F3736922AEFB23003BD86A /* AppDelegate.swift in Sources */,
				1843139F22B048630063C7DB /* addPhotoViewController.swift in Sources */,
			);
			runOnlyForDeploymentPostprocessing = 0;
		};
/* End PBXSourcesBuildPhase section */

/* Begin PBXVariantGroup section */
		18F3737422AEFB24003BD86A /* LaunchScreen.storyboard */ = {
			isa = PBXVariantGroup;
			children = (
				18F3737522AEFB24003BD86A /* Base */,
			);
			name = LaunchScreen.storyboard;
			sourceTree = "<group>";
		};
/* End PBXVariantGroup section */

/* Begin XCBuildConfiguration section */
		18F3737822AEFB24003BD86A /* Debug */ = {
			isa = XCBuildConfiguration;
			buildSettings = {
				ALWAYS_SEARCH_USER_PATHS = NO;
				CLANG_ANALYZER_NONNULL = YES;
				CLANG_ANALYZER_NUMBER_OBJECT_CONVERSION = YES_AGGRESSIVE;
				CLANG_CXX_LANGUAGE_STANDARD = "gnu++14";
				CLANG_CXX_LIBRARY = "libc++";
				CLANG_ENABLE_MODULES = YES;
				CLANG_ENABLE_OBJC_ARC = YES;
				CLANG_ENABLE_OBJC_WEAK = YES;
				CLANG_WARN_BLOCK_CAPTURE_AUTORELEASING = YES;
				CLANG_WARN_BOOL_CONVERSION = YES;
				CLANG_WARN_COMMA = YES;
				CLANG_WARN_CONSTANT_CONVERSION = YES;
				CLANG_WARN_DEPRECATED_OBJC_IMPLEMENTATIONS = YES;
				CLANG_WARN_DIRECT_OBJC_ISA_USAGE = YES_ERROR;
				CLANG_WARN_DOCUMENTATION_COMMENTS = YES;
				CLANG_WARN_EMPTY_BODY = YES;
				CLANG_WARN_ENUM_CONVERSION = YES;
				CLANG_WARN_INFINITE_RECURSION = YES;
				CLANG_WARN_INT_CONVERSION = YES;
				CLANG_WARN_NON_LITERAL_NULL_CONVERSION = YES;
				CLANG_WARN_OBJC_IMPLICIT_RETAIN_SELF = YES;
				CLANG_WARN_OBJC_LITERAL_CONVERSION = YES;
				CLANG_WARN_OBJC_ROOT_CLASS = YES_ERROR;
				CLANG_WARN_RANGE_LOOP_ANALYSIS = YES;
				CLANG_WARN_STRICT_PROTOTYPES = YES;
				CLANG_WARN_SUSPICIOUS_MOVE = YES;
				CLANG_WARN_UNGUARDED_AVAILABILITY = YES_AGGRESSIVE;
				CLANG_WARN_UNREACHABLE_CODE = YES;
				CLANG_WARN__DUPLICATE_METHOD_MATCH = YES;
				CODE_SIGN_IDENTITY = "iPhone Developer";
				COPY_PHASE_STRIP = NO;
				DEBUG_INFORMATION_FORMAT = dwarf;
				ENABLE_STRICT_OBJC_MSGSEND = YES;
				ENABLE_TESTABILITY = YES;
				GCC_C_LANGUAGE_STANDARD = gnu11;
				GCC_DYNAMIC_NO_PIC = NO;
				GCC_NO_COMMON_BLOCKS = YES;
				GCC_OPTIMIZATION_LEVEL = 0;
				GCC_PREPROCESSOR_DEFINITIONS = (
					"DEBUG=1",
					"$(inherited)",
				);
				GCC_WARN_64_TO_32_BIT_CONVERSION = YES;
				GCC_WARN_ABOUT_RETURN_TYPE = YES_ERROR;
				GCC_WARN_UNDECLARED_SELECTOR = YES;
				GCC_WARN_UNINITIALIZED_AUTOS = YES_AGGRESSIVE;
				GCC_WARN_UNUSED_FUNCTION = YES;
				GCC_WARN_UNUSED_VARIABLE = YES;
				IPHONEOS_DEPLOYMENT_TARGET = 12.2;
				MTL_ENABLE_DEBUG_INFO = INCLUDE_SOURCE;
				MTL_FAST_MATH = YES;
				ONLY_ACTIVE_ARCH = YES;
				SDKROOT = iphoneos;
				SWIFT_ACTIVE_COMPILATION_CONDITIONS = DEBUG;
				SWIFT_OPTIMIZATION_LEVEL = "-Onone";
			};
			name = Debug;
		};
		18F3737922AEFB24003BD86A /* Release */ = {
			isa = XCBuildConfiguration;
			buildSettings = {
				ALWAYS_SEARCH_USER_PATHS = NO;
				CLANG_ANALYZER_NONNULL = YES;
				CLANG_ANALYZER_NUMBER_OBJECT_CONVERSION = YES_AGGRESSIVE;
				CLANG_CXX_LANGUAGE_STANDARD = "gnu++14";
				CLANG_CXX_LIBRARY = "libc++";
				CLANG_ENABLE_MODULES = YES;
				CLANG_ENABLE_OBJC_ARC = YES;
				CLANG_ENABLE_OBJC_WEAK = YES;
				CLANG_WARN_BLOCK_CAPTURE_AUTORELEASING = YES;
				CLANG_WARN_BOOL_CONVERSION = YES;
				CLANG_WARN_COMMA = YES;
				CLANG_WARN_CONSTANT_CONVERSION = YES;
				CLANG_WARN_DEPRECATED_OBJC_IMPLEMENTATIONS = YES;
				CLANG_WARN_DIRECT_OBJC_ISA_USAGE = YES_ERROR;
				CLANG_WARN_DOCUMENTATION_COMMENTS = YES;
				CLANG_WARN_EMPTY_BODY = YES;
				CLANG_WARN_ENUM_CONVERSION = YES;
				CLANG_WARN_INFINITE_RECURSION = YES;
				CLANG_WARN_INT_CONVERSION = YES;
				CLANG_WARN_NON_LITERAL_NULL_CONVERSION = YES;
				CLANG_WARN_OBJC_IMPLICIT_RETAIN_SELF = YES;
				CLANG_WARN_OBJC_LITERAL_CONVERSION = YES;
				CLANG_WARN_OBJC_ROOT_CLASS = YES_ERROR;
				CLANG_WARN_RANGE_LOOP_ANALYSIS = YES;
				CLANG_WARN_STRICT_PROTOTYPES = YES;
				CLANG_WARN_SUSPICIOUS_MOVE = YES;
				CLANG_WARN_UNGUARDED_AVAILABILITY = YES_AGGRESSIVE;
				CLANG_WARN_UNREACHABLE_CODE = YES;
				CLANG_WARN__DUPLICATE_METHOD_MATCH = YES;
				CODE_SIGN_IDENTITY = "iPhone Developer";
				COPY_PHASE_STRIP = NO;
				DEBUG_INFORMATION_FORMAT = "dwarf-with-dsym";
				ENABLE_NS_ASSERTIONS = NO;
				ENABLE_STRICT_OBJC_MSGSEND = YES;
				GCC_C_LANGUAGE_STANDARD = gnu11;
				GCC_NO_COMMON_BLOCKS = YES;
				GCC_WARN_64_TO_32_BIT_CONVERSION = YES;
				GCC_WARN_ABOUT_RETURN_TYPE = YES_ERROR;
				GCC_WARN_UNDECLARED_SELECTOR = YES;
				GCC_WARN_UNINITIALIZED_AUTOS = YES_AGGRESSIVE;
				GCC_WARN_UNUSED_FUNCTION = YES;
				GCC_WARN_UNUSED_VARIABLE = YES;
				IPHONEOS_DEPLOYMENT_TARGET = 12.2;
				MTL_ENABLE_DEBUG_INFO = NO;
				MTL_FAST_MATH = YES;
				SDKROOT = iphoneos;
				SWIFT_COMPILATION_MODE = wholemodule;
				SWIFT_OPTIMIZATION_LEVEL = "-O";
				VALIDATE_PRODUCT = YES;
			};
			name = Release;
		};
		18F3737B22AEFB24003BD86A /* Debug */ = {
			isa = XCBuildConfiguration;
			buildSettings = {
				ASSETCATALOG_COMPILER_APPICON_NAME = AppIcon;
				CODE_SIGN_STYLE = Automatic;
				INFOPLIST_FILE = viewFinder/Info.plist;
				LD_RUNPATH_SEARCH_PATHS = (
					"$(inherited)",
					"@executable_path/Frameworks",
				);
				PRODUCT_BUNDLE_IDENTIFIER = Alyssa.viewFinder;
				PRODUCT_NAME = "$(TARGET_NAME)";
				SWIFT_VERSION = 5.0;
				TARGETED_DEVICE_FAMILY = "1,2";
			};
			name = Debug;
		};
		18F3737C22AEFB24003BD86A /* Release */ = {
			isa = XCBuildConfiguration;
			buildSettings = {
				ASSETCATALOG_COMPILER_APPICON_NAME = AppIcon;
				CODE_SIGN_STYLE = Automatic;
				INFOPLIST_FILE = viewFinder/Info.plist;
				LD_RUNPATH_SEARCH_PATHS = (
					"$(inherited)",
					"@executable_path/Frameworks",
				);
				PRODUCT_BUNDLE_IDENTIFIER = Alyssa.viewFinder;
				PRODUCT_NAME = "$(TARGET_NAME)";
				SWIFT_VERSION = 5.0;
				TARGETED_DEVICE_FAMILY = "1,2";
			};
			name = Release;
		};
/* End XCBuildConfiguration section */

/* Begin XCConfigurationList section */
		18F3736022AEFB23003BD86A /* Build configuration list for PBXProject "viewFinder" */ = {
			isa = XCConfigurationList;
			buildConfigurations = (
				18F3737822AEFB24003BD86A /* Debug */,
				18F3737922AEFB24003BD86A /* Release */,
			);
			defaultConfigurationIsVisible = 0;
			defaultConfigurationName = Release;
		};
		18F3737A22AEFB24003BD86A /* Build configuration list for PBXNativeTarget "viewFinder" */ = {
			isa = XCConfigurationList;
			buildConfigurations = (
				18F3737B22AEFB24003BD86A /* Debug */,
				18F3737C22AEFB24003BD86A /* Release */,
			);
			defaultConfigurationIsVisible = 0;
			defaultConfigurationName = Release;
		};
/* End XCConfigurationList section */

/* Begin XCVersionGroup section */
		18F3736F22AEFB23003BD86A /* viewFinder.xcdatamodeld */ = {
			isa = XCVersionGroup;
			children = (
				18F3737022AEFB23003BD86A /* viewFinder.xcdatamodel */,
			);
			currentVersion = 18F3737022AEFB23003BD86A /* viewFinder.xcdatamodel */;
			path = viewFinder.xcdatamodeld;
			sourceTree = "<group>";
			versionGroupType = wrapper.xcdatamodel;
		};
/* End XCVersionGroup section */
	};
	rootObject = 18F3735D22AEFB23003BD86A /* Project object */;
}
